
Microsoft Visual Studio Solution File, Format Version 12.00
# Visual Studio Version 17
VisualStudioVersion = 17.0.31912.275
MinimumVisualStudioVersion = 10.0.40219.1
Project("{9A19103F-16F7-4668-BE54-9A1E7A4F7556}") = "PassingParameters", "PassingParameters\PassingParameters.csproj", "{69549C76-E7E4-4BA6-B62A-706831478161}"
EndProject
Project("{9A19103F-16F7-4668-BE54-9A1E7A4F7556}") = "OperatorOverload", "OperatorOverload\OperatorOverload.csproj", "{794196FA-3D6F-43C9-B0C6-FAD4D3E36CA2}"
EndProject
Project("{9A19103F-16F7-4668-BE54-9A1E7A4F7556}") = "WhatDidntFitElsewhere1", "WhatDidntFitElsewhere1\WhatDidntFitElsewhere1.csproj", "{666FEF17-4A37-48DD-9D78-CC4455BBDC37}"
EndProject
Project("{9A19103F-16F7-4668-BE54-9A1E7A4F7556}") = "FlexibleArray", "FlexibleArray\FlexibleArray.csproj", "{67977EC3-BED6-47B1-8D45-B0104A66CE46}"
EndProject
Project("{9A19103F-16F7-4668-BE54-9A1E7A4F7556}") = "CSharpStrings", "CSharpStrings\CSharpStrings.csproj", "{BB564129-DDF2-4B28-815A-F5BD9015BF40}"
EndProject
Project("{9A19103F-16F7-4668-BE54-9A1E7A4F7556}") = "DatesAndTimes", "DatesAndTimes\DatesAndTimes.csproj", "{1C4F28DD-9A1A-4663-84CF-37B681E19645}"
EndProject
Project("{9A19103F-16F7-4668-BE54-9A1E7A4F7556}") = "Generics", "Generics\Generics.csproj", "{0B3A6F62-81BE-46B6-BE05-87CB97C0A851}"
EndProject
Project("{FAE04EC0-301F-11D3-BF4B-00C04F79EFBC}") = "ExtensionMethods", "ExtensionMethods\ExtensionMethods.csproj", "{00779178-1370-4C28-8589-DCBDC9461A00}"
EndProject
Global
	GlobalSection(SolutionConfigurationPlatforms) = preSolution
		Debug|Any CPU = Debug|Any CPU
		Release|Any CPU = Release|Any CPU
	EndGlobalSection
	GlobalSection(ProjectConfigurationPlatforms) = postSolution
		{69549C76-E7E4-4BA6-B62A-706831478161}.Debug|Any CPU.ActiveCfg = Debug|Any CPU
		{69549C76-E7E4-4BA6-B62A-706831478161}.Debug|Any CPU.Build.0 = Debug|Any CPU
		{69549C76-E7E4-4BA6-B62A-706831478161}.Release|Any CPU.ActiveCfg = Release|Any CPU
		{69549C76-E7E4-4BA6-B62A-706831478161}.Release|Any CPU.Build.0 = Release|Any CPU
		{794196FA-3D6F-43C9-B0C6-FAD4D3E36CA2}.Debug|Any CPU.ActiveCfg = Debug|Any CPU
		{794196FA-3D6F-43C9-B0C6-FAD4D3E36CA2}.Debug|Any CPU.Build.0 = Debug|Any CPU
		{794196FA-3D6F-43C9-B0C6-FAD4D3E36CA2}.Release|Any CPU.ActiveCfg = Release|Any CPU
		{794196FA-3D6F-43C9-B0C6-FAD4D3E36CA2}.Release|Any CPU.Build.0 = Release|Any CPU
		{666FEF17-4A37-48DD-9D78-CC4455BBDC37}.Debug|Any CPU.ActiveCfg = Debug|Any CPU
		{666FEF17-4A37-48DD-9D78-CC4455BBDC37}.Debug|Any CPU.Build.0 = Debug|Any CPU
		{666FEF17-4A37-48DD-9D78-CC4455BBDC37}.Release|Any CPU.ActiveCfg = Release|Any CPU
		{666FEF17-4A37-48DD-9D78-CC4455BBDC37}.Release|Any CPU.Build.0 = Release|Any CPU
		{67977EC3-BED6-47B1-8D45-B0104A66CE46}.Debug|Any CPU.ActiveCfg = Debug|Any CPU
		{67977EC3-BED6-47B1-8D45-B0104A66CE46}.Debug|Any CPU.Build.0 = Debug|Any CPU
		{67977EC3-BED6-47B1-8D45-B0104A66CE46}.Release|Any CPU.ActiveCfg = Release|Any CPU
		{67977EC3-BED6-47B1-8D45-B0104A66CE46}.Release|Any CPU.Build.0 = Release|Any CPU
		{BB564129-DDF2-4B28-815A-F5BD9015BF40}.Debug|Any CPU.ActiveCfg = Debug|Any CPU
		{BB564129-DDF2-4B28-815A-F5BD9015BF40}.Debug|Any CPU.Build.0 = Debug|Any CPU
		{BB564129-DDF2-4B28-815A-F5BD9015BF40}.Release|Any CPU.ActiveCfg = Release|Any CPU
		{BB564129-DDF2-4B28-815A-F5BD9015BF40}.Release|Any CPU.Build.0 = Release|Any CPU
		{1C4F28DD-9A1A-4663-84CF-37B681E19645}.Debug|Any CPU.ActiveCfg = Debug|Any CPU
		{1C4F28DD-9A1A-4663-84CF-37B681E19645}.Debug|Any CPU.Build.0 = Debug|Any CPU
		{1C4F28DD-9A1A-4663-84CF-37B681E19645}.Release|Any CPU.ActiveCfg = Release|Any CPU
		{1C4F28DD-9A1A-4663-84CF-37B681E19645}.Release|Any CPU.Build.0 = Release|Any CPU
		{0B3A6F62-81BE-46B6-BE05-87CB97C0A851}.Debug|Any CPU.ActiveCfg = Debug|Any CPU
		{0B3A6F62-81BE-46B6-BE05-87CB97C0A851}.Debug|Any CPU.Build.0 = Debug|Any CPU
		{0B3A6F62-81BE-46B6-BE05-87CB97C0A851}.Release|Any CPU.ActiveCfg = Release|Any CPU
		{0B3A6F62-81BE-46B6-BE05-87CB97C0A851}.Release|Any CPU.Build.0 = Release|Any CPU
		{00779178-1370-4C28-8589-DCBDC9461A00}.Debug|Any CPU.ActiveCfg = Debug|Any CPU
		{00779178-1370-4C28-8589-DCBDC9461A00}.Debug|Any CPU.Build.0 = Debug|Any CPU
		{00779178-1370-4C28-8589-DCBDC9461A00}.Release|Any CPU.ActiveCfg = Release|Any CPU
		{00779178-1370-4C28-8589-DCBDC9461A00}.Release|Any CPU.Build.0 = Release|Any CPU
	EndGlobalSection
	GlobalSection(SolutionProperties) = preSolution
		HideSolutionNode = FALSE
	EndGlobalSection
	GlobalSection(ExtensibilityGlobals) = postSolution
		SolutionGuid = {3D55D29B-F88E-4890-A211-2D4563747055}
	EndGlobalSection
EndGlobal
